
Microsoft Visual Studio Solution File, Format Version 12.00
# Visual Studio Version 17
VisualStudioVersion = 17.12.35707.178 d17.12
MinimumVisualStudioVersion = 10.0.40219.1
Project("{FAE04EC0-301F-11D3-BF4B-00C04F79EFBC}") = "FurnitureShopProjectRazil", "FurnitureShopProjectRazil\FurnitureShopProjectRazil.csproj", "{20BA1B4A-8EE3-48FC-8698-C7B11E65D45F}"
EndProject
Global
	GlobalSection(SolutionConfigurationPlatforms) = preSolution
		Debug|Any CPU = Debug|Any CPU
		Release|Any CPU = Release|Any CPU
	EndGlobalSection
	GlobalSection(ProjectConfigurationPlatforms) = postSolution
		{20BA1B4A-8EE3-48FC-8698-C7B11E65D45F}.Debug|Any CPU.ActiveCfg = Debug|Any CPU
		{20BA1B4A-8EE3-48FC-8698-C7B11E65D45F}.Debug|Any CPU.Build.0 = Debug|Any CPU
		{20BA1B4A-8EE3-48FC-8698-C7B11E65D45F}.Release|Any CPU.ActiveCfg = Release|Any CPU
		{20BA1B4A-8EE3-48FC-8698-C7B11E65D45F}.Release|Any CPU.Build.0 = Release|Any CPU
	EndGlobalSection
	GlobalSection(SolutionProperties) = preSolution
		HideSolutionNode = FALSE
	EndGlobalSection
EndGlobal
